
Microsoft Visual Studio Solution File, Format Version 12.00
# Visual Studio Version 16
VisualStudioVersion = 16.0.29911.84
MinimumVisualStudioVersion = 10.0.40219.1
Project("{9A19103F-16F7-4668-BE54-9A1E7A4F7556}") = "Rebus.OpenTelemetry", "Rebus.OpenTelemetry\Rebus.OpenTelemetry.csproj", "{3EBC745B-8651-4E1A-A851-E7D94B8E4EF7}"
EndProject
Project("{9A19103F-16F7-4668-BE54-9A1E7A4F7556}") = "Rebus.Diagnostics.Tests", "Rebus.Diagnostics.Tests\Rebus.Diagnostics.Tests.csproj", "{D3787E01-2508-4533-83F4-C5AEBD4030BE}"
EndProject
Project("{9A19103F-16F7-4668-BE54-9A1E7A4F7556}") = "Rebus.Diagnostics", "Rebus.Diagnostics\Rebus.Diagnostics.csproj", "{D2BE7EE9-FF01-43C4-8BB6-31B6545ADC74}"
EndProject
Project("{2150E333-8FDC-42A3-9474-1A3956D46DE8}") = "Solution Items", "Solution Items", "{21C83471-FC10-4D2E-96B6-4D3605661BC6}"
	ProjectSection(SolutionItems) = preProject
		.gitignore = .gitignore
		appveyor.yml = appveyor.yml
		scripts\build.cmd = scripts\build.cmd
		CHANGELOG.md = CHANGELOG.md
		CONTRIBUTING.md = CONTRIBUTING.md
		LICENSE.md = LICENSE.md
		scripts\push.cmd = scripts\push.cmd
		README.md = README.md
		scripts\release.cmd = scripts\release.cmd
	EndProjectSection
EndProject
Global
	GlobalSection(SolutionConfigurationPlatforms) = preSolution
		Debug|Any CPU = Debug|Any CPU
		Release|Any CPU = Release|Any CPU
	EndGlobalSection
	GlobalSection(ProjectConfigurationPlatforms) = postSolution
		{3EBC745B-8651-4E1A-A851-E7D94B8E4EF7}.Debug|Any CPU.ActiveCfg = Debug|Any CPU
		{3EBC745B-8651-4E1A-A851-E7D94B8E4EF7}.Debug|Any CPU.Build.0 = Debug|Any CPU
		{3EBC745B-8651-4E1A-A851-E7D94B8E4EF7}.Release|Any CPU.ActiveCfg = Release|Any CPU
		{3EBC745B-8651-4E1A-A851-E7D94B8E4EF7}.Release|Any CPU.Build.0 = Release|Any CPU
		{D3787E01-2508-4533-83F4-C5AEBD4030BE}.Debug|Any CPU.ActiveCfg = Debug|Any CPU
		{D3787E01-2508-4533-83F4-C5AEBD4030BE}.Debug|Any CPU.Build.0 = Debug|Any CPU
		{D3787E01-2508-4533-83F4-C5AEBD4030BE}.Release|Any CPU.ActiveCfg = Release|Any CPU
		{D3787E01-2508-4533-83F4-C5AEBD4030BE}.Release|Any CPU.Build.0 = Release|Any CPU
		{D2BE7EE9-FF01-43C4-8BB6-31B6545ADC74}.Debug|Any CPU.ActiveCfg = Debug|Any CPU
		{D2BE7EE9-FF01-43C4-8BB6-31B6545ADC74}.Debug|Any CPU.Build.0 = Debug|Any CPU
		{D2BE7EE9-FF01-43C4-8BB6-31B6545ADC74}.Release|Any CPU.ActiveCfg = Release|Any CPU
		{D2BE7EE9-FF01-43C4-8BB6-31B6545ADC74}.Release|Any CPU.Build.0 = Release|Any CPU
	EndGlobalSection
	GlobalSection(SolutionProperties) = preSolution
		HideSolutionNode = FALSE
	EndGlobalSection
	GlobalSection(ExtensibilityGlobals) = postSolution
		SolutionGuid = {BBB4D569-C2CF-41F9-8125-334F94398744}
	EndGlobalSection
EndGlobal
